
Microsoft Visual Studio Solution File, Format Version 12.00
# Visual Studio 15
VisualStudioVersion = 15.0.28010.2026
MinimumVisualStudioVersion = 10.0.40219.1
Project("{8BC9CEB8-8B4A-11D0-8D11-00A0C91BC942}") = "SoundManager", "SoundManager\SoundManager.vcxproj", "{7CC78351-2B6D-4124-980E-8A6A6F3496CA}"
EndProject
Global
	GlobalSection(SolutionConfigurationPlatforms) = preSolution
		Debug|x64 = Debug|x64
		Debug|x86 = Debug|x86
		Release|x64 = Release|x64
		Release|x86 = Release|x86
	EndGlobalSection
	GlobalSection(ProjectConfigurationPlatforms) = postSolution
		{7CC78351-2B6D-4124-980E-8A6A6F3496CA}.Debug|x64.ActiveCfg = Debug|x64
		{7CC78351-2B6D-4124-980E-8A6A6F3496CA}.Debug|x64.Build.0 = Debug|x64
		{7CC78351-2B6D-4124-980E-8A6A6F3496CA}.Debug|x86.ActiveCfg = Debug|Win32
		{7CC78351-2B6D-4124-980E-8A6A6F3496CA}.Debug|x86.Build.0 = Debug|Win32
		{7CC78351-2B6D-4124-980E-8A6A6F3496CA}.Release|x64.ActiveCfg = Release|x64
		{7CC78351-2B6D-4124-980E-8A6A6F3496CA}.Release|x64.Build.0 = Release|x64
		{7CC78351-2B6D-4124-980E-8A6A6F3496CA}.Release|x86.ActiveCfg = Release|Win32
		{7CC78351-2B6D-4124-980E-8A6A6F3496CA}.Release|x86.Build.0 = Release|Win32
	EndGlobalSection
	GlobalSection(SolutionProperties) = preSolution
		HideSolutionNode = FALSE
	EndGlobalSection
	GlobalSection(ExtensibilityGlobals) = postSolution
		SolutionGuid = {11184049-5E64-4E96-B1FF-EE65B8EE4D40}
	EndGlobalSection
EndGlobal
